
Microsoft Visual Studio Solution File, Format Version 12.00
# Visual Studio Version 17
VisualStudioVersion = 17.2.32526.322
MinimumVisualStudioVersion = 10.0.40219.1
Project("{FAE04EC0-301F-11D3-BF4B-00C04F79EFBC}") = "ASP.NET Core Web App", "ASP.NET Core Web App\ASP.NET Core Web App.csproj", "{F526B5A5-4FB7-44AD-A71D-D2488B085B06}"
EndProject
Global
	GlobalSection(SolutionConfigurationPlatforms) = preSolution
		Debug|Any CPU = Debug|Any CPU
		Release|Any CPU = Release|Any CPU
	EndGlobalSection
	GlobalSection(ProjectConfigurationPlatforms) = postSolution
		{F526B5A5-4FB7-44AD-A71D-D2488B085B06}.Debug|Any CPU.ActiveCfg = Debug|Any CPU
		{F526B5A5-4FB7-44AD-A71D-D2488B085B06}.Debug|Any CPU.Build.0 = Debug|Any CPU
		{F526B5A5-4FB7-44AD-A71D-D2488B085B06}.Release|Any CPU.ActiveCfg = Release|Any CPU
		{F526B5A5-4FB7-44AD-A71D-D2488B085B06}.Release|Any CPU.Build.0 = Release|Any CPU
	EndGlobalSection
	GlobalSection(SolutionProperties) = preSolution
		HideSolutionNode = FALSE
	EndGlobalSection
	GlobalSection(ExtensibilityGlobals) = postSolution
		SolutionGuid = {8A7307F4-1A09-4905-B8D7-30289645B149}
	EndGlobalSection
EndGlobal
